
Microsoft Visual Studio Solution File, Format Version 11.00
# Visual Studio 2010
Project("{FAE04EC0-301F-11D3-BF4B-00C04F79EFBC}") = "SqlSource", "SqlSource\SqlSource.csproj", "{32B87CF8-E466-4409-A4B5-30AE33CB2262}"
EndProject
Project("{FAE04EC0-301F-11D3-BF4B-00C04F79EFBC}") = "DSComparer", "DSComparer\DSComparer.csproj", "{F9C1B252-7A56-4217-A33E-FD0C2E16E587}"
EndProject
Project("{FAE04EC0-301F-11D3-BF4B-00C04F79EFBC}") = "Comparator", "Comparator\Comparator.csproj", "{8ED5DE71-C825-4070-BFBC-969A4A47CAC1}"
	ProjectSection(ProjectDependencies) = postProject
		{F9C1B252-7A56-4217-A33E-FD0C2E16E587} = {F9C1B252-7A56-4217-A33E-FD0C2E16E587}
		{32B87CF8-E466-4409-A4B5-30AE33CB2262} = {32B87CF8-E466-4409-A4B5-30AE33CB2262}
	EndProjectSection
EndProject
Project("{FAE04EC0-301F-11D3-BF4B-00C04F79EFBC}") = "Common", "Common\Common.csproj", "{BE7C1378-3118-4F91-892D-484189F8621A}"
EndProject
Project("{FAE04EC0-301F-11D3-BF4B-00C04F79EFBC}") = "Sources", "Sources\Sources.csproj", "{4BF7E9B2-9CE7-44DF-892E-7590D3DB537D}"
EndProject
Global
	GlobalSection(SolutionConfigurationPlatforms) = preSolution
		Debug|Any CPU = Debug|Any CPU
		Debug|Mixed Platforms = Debug|Mixed Platforms
		Debug|x86 = Debug|x86
		Release|Any CPU = Release|Any CPU
		Release|Mixed Platforms = Release|Mixed Platforms
		Release|x86 = Release|x86
	EndGlobalSection
	GlobalSection(ProjectConfigurationPlatforms) = postSolution
		{32B87CF8-E466-4409-A4B5-30AE33CB2262}.Debug|Any CPU.ActiveCfg = Release|Any CPU
		{32B87CF8-E466-4409-A4B5-30AE33CB2262}.Debug|Any CPU.Build.0 = Release|Any CPU
		{32B87CF8-E466-4409-A4B5-30AE33CB2262}.Debug|Mixed Platforms.ActiveCfg = Release|Any CPU
		{32B87CF8-E466-4409-A4B5-30AE33CB2262}.Debug|Mixed Platforms.Build.0 = Release|Any CPU
		{32B87CF8-E466-4409-A4B5-30AE33CB2262}.Debug|x86.ActiveCfg = Debug|x86
		{32B87CF8-E466-4409-A4B5-30AE33CB2262}.Debug|x86.Build.0 = Debug|x86
		{32B87CF8-E466-4409-A4B5-30AE33CB2262}.Release|Any CPU.ActiveCfg = Release|Any CPU
		{32B87CF8-E466-4409-A4B5-30AE33CB2262}.Release|Any CPU.Build.0 = Release|Any CPU
		{32B87CF8-E466-4409-A4B5-30AE33CB2262}.Release|Mixed Platforms.ActiveCfg = Release|Any CPU
		{32B87CF8-E466-4409-A4B5-30AE33CB2262}.Release|Mixed Platforms.Build.0 = Release|Any CPU
		{32B87CF8-E466-4409-A4B5-30AE33CB2262}.Release|x86.ActiveCfg = Release|x86
		{32B87CF8-E466-4409-A4B5-30AE33CB2262}.Release|x86.Build.0 = Release|x86
		{F9C1B252-7A56-4217-A33E-FD0C2E16E587}.Debug|Any CPU.ActiveCfg = Release|Any CPU
		{F9C1B252-7A56-4217-A33E-FD0C2E16E587}.Debug|Any CPU.Build.0 = Release|Any CPU
		{F9C1B252-7A56-4217-A33E-FD0C2E16E587}.Debug|Mixed Platforms.ActiveCfg = Debug|Any CPU
		{F9C1B252-7A56-4217-A33E-FD0C2E16E587}.Debug|Mixed Platforms.Build.0 = Debug|Any CPU
		{F9C1B252-7A56-4217-A33E-FD0C2E16E587}.Debug|x86.ActiveCfg = Debug|x86
		{F9C1B252-7A56-4217-A33E-FD0C2E16E587}.Debug|x86.Build.0 = Debug|x86
		{F9C1B252-7A56-4217-A33E-FD0C2E16E587}.Release|Any CPU.ActiveCfg = Release|Any CPU
		{F9C1B252-7A56-4217-A33E-FD0C2E16E587}.Release|Any CPU.Build.0 = Release|Any CPU
		{F9C1B252-7A56-4217-A33E-FD0C2E16E587}.Release|Mixed Platforms.ActiveCfg = Release|Any CPU
		{F9C1B252-7A56-4217-A33E-FD0C2E16E587}.Release|Mixed Platforms.Build.0 = Release|Any CPU
		{F9C1B252-7A56-4217-A33E-FD0C2E16E587}.Release|x86.ActiveCfg = Release|x86
		{F9C1B252-7A56-4217-A33E-FD0C2E16E587}.Release|x86.Build.0 = Release|x86
		{8ED5DE71-C825-4070-BFBC-969A4A47CAC1}.Debug|Any CPU.ActiveCfg = Debug|Any CPU
		{8ED5DE71-C825-4070-BFBC-969A4A47CAC1}.Debug|Any CPU.Build.0 = Debug|Any CPU
		{8ED5DE71-C825-4070-BFBC-969A4A47CAC1}.Debug|Mixed Platforms.ActiveCfg = Debug|Any CPU
		{8ED5DE71-C825-4070-BFBC-969A4A47CAC1}.Debug|Mixed Platforms.Build.0 = Debug|Any CPU
		{8ED5DE71-C825-4070-BFBC-969A4A47CAC1}.Debug|x86.ActiveCfg = Debug|x86
		{8ED5DE71-C825-4070-BFBC-969A4A47CAC1}.Debug|x86.Build.0 = Debug|x86
		{8ED5DE71-C825-4070-BFBC-969A4A47CAC1}.Release|Any CPU.ActiveCfg = Release|Any CPU
		{8ED5DE71-C825-4070-BFBC-969A4A47CAC1}.Release|Any CPU.Build.0 = Release|Any CPU
		{8ED5DE71-C825-4070-BFBC-969A4A47CAC1}.Release|Mixed Platforms.ActiveCfg = Release|Any CPU
		{8ED5DE71-C825-4070-BFBC-969A4A47CAC1}.Release|Mixed Platforms.Build.0 = Release|Any CPU
		{8ED5DE71-C825-4070-BFBC-969A4A47CAC1}.Release|x86.ActiveCfg = Release|x86
		{8ED5DE71-C825-4070-BFBC-969A4A47CAC1}.Release|x86.Build.0 = Release|x86
		{BE7C1378-3118-4F91-892D-484189F8621A}.Debug|Any CPU.ActiveCfg = Debug|Any CPU
		{BE7C1378-3118-4F91-892D-484189F8621A}.Debug|Any CPU.Build.0 = Debug|Any CPU
		{BE7C1378-3118-4F91-892D-484189F8621A}.Debug|Mixed Platforms.ActiveCfg = Debug|Any CPU
		{BE7C1378-3118-4F91-892D-484189F8621A}.Debug|Mixed Platforms.Build.0 = Debug|Any CPU
		{BE7C1378-3118-4F91-892D-484189F8621A}.Debug|x86.ActiveCfg = Debug|x86
		{BE7C1378-3118-4F91-892D-484189F8621A}.Debug|x86.Build.0 = Debug|x86
		{BE7C1378-3118-4F91-892D-484189F8621A}.Release|Any CPU.ActiveCfg = Release|Any CPU
		{BE7C1378-3118-4F91-892D-484189F8621A}.Release|Any CPU.Build.0 = Release|Any CPU
		{BE7C1378-3118-4F91-892D-484189F8621A}.Release|Mixed Platforms.ActiveCfg = Release|Any CPU
		{BE7C1378-3118-4F91-892D-484189F8621A}.Release|Mixed Platforms.Build.0 = Release|Any CPU
		{BE7C1378-3118-4F91-892D-484189F8621A}.Release|x86.ActiveCfg = Release|x86
		{BE7C1378-3118-4F91-892D-484189F8621A}.Release|x86.Build.0 = Release|x86
		{4BF7E9B2-9CE7-44DF-892E-7590D3DB537D}.Debug|Any CPU.ActiveCfg = Debug|x86
		{4BF7E9B2-9CE7-44DF-892E-7590D3DB537D}.Debug|Mixed Platforms.ActiveCfg = Debug|x86
		{4BF7E9B2-9CE7-44DF-892E-7590D3DB537D}.Debug|Mixed Platforms.Build.0 = Debug|x86
		{4BF7E9B2-9CE7-44DF-892E-7590D3DB537D}.Debug|x86.ActiveCfg = Debug|x86
		{4BF7E9B2-9CE7-44DF-892E-7590D3DB537D}.Debug|x86.Build.0 = Debug|x86
		{4BF7E9B2-9CE7-44DF-892E-7590D3DB537D}.Release|Any CPU.ActiveCfg = Release|x86
		{4BF7E9B2-9CE7-44DF-892E-7590D3DB537D}.Release|Mixed Platforms.ActiveCfg = Release|x86
		{4BF7E9B2-9CE7-44DF-892E-7590D3DB537D}.Release|Mixed Platforms.Build.0 = Release|x86
		{4BF7E9B2-9CE7-44DF-892E-7590D3DB537D}.Release|x86.ActiveCfg = Release|x86
		{4BF7E9B2-9CE7-44DF-892E-7590D3DB537D}.Release|x86.Build.0 = Release|x86
	EndGlobalSection
	GlobalSection(SolutionProperties) = preSolution
		HideSolutionNode = FALSE
	EndGlobalSection
EndGlobal
